
Microsoft Visual Studio Solution File, Format Version 12.00
# Visual Studio Version 16
VisualStudioVersion = 16.0.29613.14
MinimumVisualStudioVersion = 10.0.40219.1
Project("{FAE04EC0-301F-11D3-BF4B-00C04F79EFBC}") = "Split View Demo", "..\Split View\Split View Demo\Split View Demo.csproj", "{6AFD2244-FE0F-485C-9DCB-6E075AF0E935}"
EndProject
Project("{FAE04EC0-301F-11D3-BF4B-00C04F79EFBC}") = "Test Controls", "..\Solution Controls\Test Controls\Test Controls.csproj", "{688A5E56-0927-4D77-A26A-B3FBDE816CBD}"
EndProject
Project("{FAE04EC0-301F-11D3-BF4B-00C04F79EFBC}") = "Extended TreeView Demo", "..\Extended TreeView\Extended TreeView Demo\Extended TreeView Demo.csproj", "{105C484C-C2F2-4AA2-BE5B-F06D92406151}"
EndProject
Project("{FAE04EC0-301F-11D3-BF4B-00C04F79EFBC}") = "Test-BusyIndicator", "Test-BusyIndicator\Test-BusyIndicator.csproj", "{F01CB87B-C95A-4AA9-84C7-93B192E31BCD}"
EndProject
Project("{FAE04EC0-301F-11D3-BF4B-00C04F79EFBC}") = "Test-DialogValidation", "Test-DialogValidation\Test-DialogValidation.csproj", "{32F0C528-7A29-4412-86ED-82EE5480C9DF}"
EndProject
Project("{FAE04EC0-301F-11D3-BF4B-00C04F79EFBC}") = "Test-DialogValidation-UT", "Test-DialogValidation-UT\Test-DialogValidation-UT.csproj", "{BADF93FA-E0D6-4AFB-B3E7-C6585E1A4C7D}"
	ProjectSection(ProjectDependencies) = postProject
		{32F0C528-7A29-4412-86ED-82EE5480C9DF} = {32F0C528-7A29-4412-86ED-82EE5480C9DF}
	EndProjectSection
EndProject
Project("{FAE04EC0-301F-11D3-BF4B-00C04F79EFBC}") = "Test-EditableTextBlock", "Test-EditableTextBlock\Test-EditableTextBlock.csproj", "{0FE827B2-66DA-406F-A4B7-309A31D11BCB}"
EndProject
Project("{FAE04EC0-301F-11D3-BF4B-00C04F79EFBC}") = "Test-EditableTextBlock-UT", "Test-EditableTextBlock-UT\Test-EditableTextBlock-UT.csproj", "{1B4F1DFF-77E7-4BD8-9CA9-A53D677A563C}"
	ProjectSection(ProjectDependencies) = postProject
		{0FE827B2-66DA-406F-A4B7-309A31D11BCB} = {0FE827B2-66DA-406F-A4B7-309A31D11BCB}
	EndProjectSection
EndProject
Project("{FAE04EC0-301F-11D3-BF4B-00C04F79EFBC}") = "Test-EnumComboBox", "Test-EnumComboBox\Test-EnumComboBox.csproj", "{3A59BC48-87AD-4894-B3B4-D074F8CBABB9}"
EndProject
Project("{FAE04EC0-301F-11D3-BF4B-00C04F79EFBC}") = "Test-EnumComboBox-UT", "Test-EnumComboBox-UT\Test-EnumComboBox-UT.csproj", "{6D2F86FF-4793-4A19-8991-8BB63C7707E5}"
	ProjectSection(ProjectDependencies) = postProject
		{3A59BC48-87AD-4894-B3B4-D074F8CBABB9} = {3A59BC48-87AD-4894-B3B4-D074F8CBABB9}
	EndProjectSection
EndProject
Project("{FAE04EC0-301F-11D3-BF4B-00C04F79EFBC}") = "Test-EnumRadioButton", "Test-EnumRadioButton\Test-EnumRadioButton.csproj", "{D0CD1AB0-C630-4F4F-A2F5-0E933833383B}"
EndProject
Project("{FAE04EC0-301F-11D3-BF4B-00C04F79EFBC}") = "Test-EnumRadioButton-UT", "Test-EnumRadioButton-UT\Test-EnumRadioButton-UT.csproj", "{E71E41B6-49DF-45D7-8AAD-3CE647204F8C}"
	ProjectSection(ProjectDependencies) = postProject
		{D0CD1AB0-C630-4F4F-A2F5-0E933833383B} = {D0CD1AB0-C630-4F4F-A2F5-0E933833383B}
	EndProjectSection
EndProject
Project("{FAE04EC0-301F-11D3-BF4B-00C04F79EFBC}") = "Test-ExtendedCommandControls", "Test-ExtendedCommandControls\Test-ExtendedCommandControls.csproj", "{DCBD29A9-7EFD-4C16-B9EC-0B848F005427}"
EndProject
Project("{FAE04EC0-301F-11D3-BF4B-00C04F79EFBC}") = "Test-ExtendedCommandControls-UT", "Test-ExtendedCommandControls-UT\Test-ExtendedCommandControls-UT.csproj", "{5ADB9B32-F7AF-40CF-8E33-0563949FF0FE}"
	ProjectSection(ProjectDependencies) = postProject
		{DCBD29A9-7EFD-4C16-B9EC-0B848F005427} = {DCBD29A9-7EFD-4C16-B9EC-0B848F005427}
	EndProjectSection
EndProject
Global
	GlobalSection(SolutionConfigurationPlatforms) = preSolution
		Debug|x64 = Debug|x64
		Release|x64 = Release|x64
	EndGlobalSection
	GlobalSection(ProjectConfigurationPlatforms) = postSolution
		{6AFD2244-FE0F-485C-9DCB-6E075AF0E935}.Debug|x64.ActiveCfg = Debug|x64
		{6AFD2244-FE0F-485C-9DCB-6E075AF0E935}.Debug|x64.Build.0 = Debug|x64
		{6AFD2244-FE0F-485C-9DCB-6E075AF0E935}.Release|x64.ActiveCfg = Release|x64
		{6AFD2244-FE0F-485C-9DCB-6E075AF0E935}.Release|x64.Build.0 = Release|x64
		{688A5E56-0927-4D77-A26A-B3FBDE816CBD}.Debug|x64.ActiveCfg = Debug|x64
		{688A5E56-0927-4D77-A26A-B3FBDE816CBD}.Debug|x64.Build.0 = Debug|x64
		{688A5E56-0927-4D77-A26A-B3FBDE816CBD}.Release|x64.ActiveCfg = Release|x64
		{688A5E56-0927-4D77-A26A-B3FBDE816CBD}.Release|x64.Build.0 = Release|x64
		{105C484C-C2F2-4AA2-BE5B-F06D92406151}.Debug|x64.ActiveCfg = Debug|x64
		{105C484C-C2F2-4AA2-BE5B-F06D92406151}.Debug|x64.Build.0 = Debug|x64
		{105C484C-C2F2-4AA2-BE5B-F06D92406151}.Release|x64.ActiveCfg = Release|x64
		{105C484C-C2F2-4AA2-BE5B-F06D92406151}.Release|x64.Build.0 = Release|x64
		{F01CB87B-C95A-4AA9-84C7-93B192E31BCD}.Debug|x64.ActiveCfg = Debug|x64
		{F01CB87B-C95A-4AA9-84C7-93B192E31BCD}.Debug|x64.Build.0 = Debug|x64
		{F01CB87B-C95A-4AA9-84C7-93B192E31BCD}.Release|x64.ActiveCfg = Release|x64
		{F01CB87B-C95A-4AA9-84C7-93B192E31BCD}.Release|x64.Build.0 = Release|x64
		{32F0C528-7A29-4412-86ED-82EE5480C9DF}.Debug|x64.ActiveCfg = Debug|x64
		{32F0C528-7A29-4412-86ED-82EE5480C9DF}.Debug|x64.Build.0 = Debug|x64
		{32F0C528-7A29-4412-86ED-82EE5480C9DF}.Release|x64.ActiveCfg = Release|x64
		{32F0C528-7A29-4412-86ED-82EE5480C9DF}.Release|x64.Build.0 = Release|x64
		{BADF93FA-E0D6-4AFB-B3E7-C6585E1A4C7D}.Debug|x64.ActiveCfg = Debug|x64
		{BADF93FA-E0D6-4AFB-B3E7-C6585E1A4C7D}.Debug|x64.Build.0 = Debug|x64
		{BADF93FA-E0D6-4AFB-B3E7-C6585E1A4C7D}.Release|x64.ActiveCfg = Release|x64
		{BADF93FA-E0D6-4AFB-B3E7-C6585E1A4C7D}.Release|x64.Build.0 = Release|x64
		{0FE827B2-66DA-406F-A4B7-309A31D11BCB}.Debug|x64.ActiveCfg = Debug|x64
		{0FE827B2-66DA-406F-A4B7-309A31D11BCB}.Debug|x64.Build.0 = Debug|x64
		{0FE827B2-66DA-406F-A4B7-309A31D11BCB}.Release|x64.ActiveCfg = Release|x64
		{0FE827B2-66DA-406F-A4B7-309A31D11BCB}.Release|x64.Build.0 = Release|x64
		{1B4F1DFF-77E7-4BD8-9CA9-A53D677A563C}.Debug|x64.ActiveCfg = Debug|x64
		{1B4F1DFF-77E7-4BD8-9CA9-A53D677A563C}.Debug|x64.Build.0 = Debug|x64
		{1B4F1DFF-77E7-4BD8-9CA9-A53D677A563C}.Release|x64.ActiveCfg = Release|x64
		{1B4F1DFF-77E7-4BD8-9CA9-A53D677A563C}.Release|x64.Build.0 = Release|x64
		{3A59BC48-87AD-4894-B3B4-D074F8CBABB9}.Debug|x64.ActiveCfg = Debug|x64
		{3A59BC48-87AD-4894-B3B4-D074F8CBABB9}.Debug|x64.Build.0 = Debug|x64
		{3A59BC48-87AD-4894-B3B4-D074F8CBABB9}.Release|x64.ActiveCfg = Release|x64
		{3A59BC48-87AD-4894-B3B4-D074F8CBABB9}.Release|x64.Build.0 = Release|x64
		{6D2F86FF-4793-4A19-8991-8BB63C7707E5}.Debug|x64.ActiveCfg = Debug|x64
		{6D2F86FF-4793-4A19-8991-8BB63C7707E5}.Debug|x64.Build.0 = Debug|x64
		{6D2F86FF-4793-4A19-8991-8BB63C7707E5}.Release|x64.ActiveCfg = Release|x64
		{6D2F86FF-4793-4A19-8991-8BB63C7707E5}.Release|x64.Build.0 = Release|x64
		{D0CD1AB0-C630-4F4F-A2F5-0E933833383B}.Debug|x64.ActiveCfg = Debug|x64
		{D0CD1AB0-C630-4F4F-A2F5-0E933833383B}.Debug|x64.Build.0 = Debug|x64
		{D0CD1AB0-C630-4F4F-A2F5-0E933833383B}.Release|x64.ActiveCfg = Release|x64
		{D0CD1AB0-C630-4F4F-A2F5-0E933833383B}.Release|x64.Build.0 = Release|x64
		{E71E41B6-49DF-45D7-8AAD-3CE647204F8C}.Debug|x64.ActiveCfg = Debug|x64
		{E71E41B6-49DF-45D7-8AAD-3CE647204F8C}.Debug|x64.Build.0 = Debug|x64
		{E71E41B6-49DF-45D7-8AAD-3CE647204F8C}.Release|x64.ActiveCfg = Release|x64
		{E71E41B6-49DF-45D7-8AAD-3CE647204F8C}.Release|x64.Build.0 = Release|x64
		{DCBD29A9-7EFD-4C16-B9EC-0B848F005427}.Debug|x64.ActiveCfg = Debug|x64
		{DCBD29A9-7EFD-4C16-B9EC-0B848F005427}.Debug|x64.Build.0 = Debug|x64
		{DCBD29A9-7EFD-4C16-B9EC-0B848F005427}.Release|x64.ActiveCfg = Release|x64
		{DCBD29A9-7EFD-4C16-B9EC-0B848F005427}.Release|x64.Build.0 = Release|x64
		{5ADB9B32-F7AF-40CF-8E33-0563949FF0FE}.Debug|x64.ActiveCfg = Debug|x64
		{5ADB9B32-F7AF-40CF-8E33-0563949FF0FE}.Debug|x64.Build.0 = Debug|x64
		{5ADB9B32-F7AF-40CF-8E33-0563949FF0FE}.Release|x64.ActiveCfg = Release|x64
		{5ADB9B32-F7AF-40CF-8E33-0563949FF0FE}.Release|x64.Build.0 = Release|x64
	EndGlobalSection
	GlobalSection(SolutionProperties) = preSolution
		HideSolutionNode = FALSE
	EndGlobalSection
	GlobalSection(ExtensibilityGlobals) = postSolution
		SolutionGuid = {8F33E890-87A4-4B1F-9499-1B4401BC04F4}
	EndGlobalSection
EndGlobal
