
Microsoft Visual Studio Solution File, Format Version 12.00
# Visual Studio Version 17
VisualStudioVersion = 17.8.34511.84
MinimumVisualStudioVersion = 10.0.40219.1
Project("{9A19103F-16F7-4668-BE54-9A1E7A4F7556}") = "DialogValidation", "DialogValidation\DialogValidation.csproj", "{F43A1008-F9CE-4423-B31C-448D32519B31}"
	ProjectSection(ProjectDependencies) = postProject
		{397E62B5-D858-47F8-BFCA-5F0A3574DDAF} = {397E62B5-D858-47F8-BFCA-5F0A3574DDAF}
	EndProjectSection
EndProject
Project("{9A19103F-16F7-4668-BE54-9A1E7A4F7556}") = "EditableTextBlock", "EditableTextBlock\EditableTextBlock.csproj", "{1CA197BB-D29F-43AD-8FB1-F920F7F7B6FA}"
	ProjectSection(ProjectDependencies) = postProject
		{397E62B5-D858-47F8-BFCA-5F0A3574DDAF} = {397E62B5-D858-47F8-BFCA-5F0A3574DDAF}
	EndProjectSection
EndProject
Project("{9A19103F-16F7-4668-BE54-9A1E7A4F7556}") = "EnumComboBox", "EnumComboBox\EnumComboBox.csproj", "{0FBADA65-9A03-439C-8991-2C58091FCC3F}"
	ProjectSection(ProjectDependencies) = postProject
		{397E62B5-D858-47F8-BFCA-5F0A3574DDAF} = {397E62B5-D858-47F8-BFCA-5F0A3574DDAF}
	EndProjectSection
EndProject
Project("{9A19103F-16F7-4668-BE54-9A1E7A4F7556}") = "EnumRadioButton", "EnumRadioButton\EnumRadioButton.csproj", "{E1BCB2F8-219A-4CEF-B992-96A1F5A5A782}"
	ProjectSection(ProjectDependencies) = postProject
		{397E62B5-D858-47F8-BFCA-5F0A3574DDAF} = {397E62B5-D858-47F8-BFCA-5F0A3574DDAF}
	EndProjectSection
EndProject
Project("{9A19103F-16F7-4668-BE54-9A1E7A4F7556}") = "ExtendedCommandControls", "ExtendedCommandControls\ExtendedCommandControls.csproj", "{9368643D-59A7-4678-BA7D-DE551146E13A}"
	ProjectSection(ProjectDependencies) = postProject
		{397E62B5-D858-47F8-BFCA-5F0A3574DDAF} = {397E62B5-D858-47F8-BFCA-5F0A3574DDAF}
	EndProjectSection
EndProject
Project("{9A19103F-16F7-4668-BE54-9A1E7A4F7556}") = "ExtendedPasswordBox", "ExtendedPasswordBox\ExtendedPasswordBox.csproj", "{8B13645A-ED02-445D-9648-F67994EBD2E9}"
	ProjectSection(ProjectDependencies) = postProject
		{397E62B5-D858-47F8-BFCA-5F0A3574DDAF} = {397E62B5-D858-47F8-BFCA-5F0A3574DDAF}
	EndProjectSection
EndProject
Project("{9A19103F-16F7-4668-BE54-9A1E7A4F7556}") = "ExtendedScrollBar", "ExtendedScrollBar\ExtendedScrollBar.csproj", "{1C756FC3-66AE-45AB-958D-C8AAF6CA2E9F}"
	ProjectSection(ProjectDependencies) = postProject
		{397E62B5-D858-47F8-BFCA-5F0A3574DDAF} = {397E62B5-D858-47F8-BFCA-5F0A3574DDAF}
	EndProjectSection
EndProject
Project("{9A19103F-16F7-4668-BE54-9A1E7A4F7556}") = "ExtendedToolBar", "ExtendedToolBar\ExtendedToolBar.csproj", "{5AF7807C-35FB-4FD1-B94B-AA1AFE3FFE5F}"
	ProjectSection(ProjectDependencies) = postProject
		{9368643D-59A7-4678-BA7D-DE551146E13A} = {9368643D-59A7-4678-BA7D-DE551146E13A}
	EndProjectSection
EndProject
Project("{9A19103F-16F7-4668-BE54-9A1E7A4F7556}") = "ExtendedTreeView", "ExtendedTreeView\ExtendedTreeView.csproj", "{15534032-C7BE-48A0-8E0F-0EC7F2B8491C}"
EndProject
Project("{9A19103F-16F7-4668-BE54-9A1E7A4F7556}") = "SplitView", "SplitView\SplitView.csproj", "{2C7C7E3B-1A44-4A0F-9105-D6F0EBA2CCA4}"
	ProjectSection(ProjectDependencies) = postProject
		{1C756FC3-66AE-45AB-958D-C8AAF6CA2E9F} = {1C756FC3-66AE-45AB-958D-C8AAF6CA2E9F}
	EndProjectSection
EndProject
Project("{9A19103F-16F7-4668-BE54-9A1E7A4F7556}") = "TightfittingTabControl", "TightfittingTabControl\TightfittingTabControl.csproj", "{CC05DE21-5394-4666-B8D4-7C782B54541F}"
	ProjectSection(ProjectDependencies) = postProject
		{397E62B5-D858-47F8-BFCA-5F0A3574DDAF} = {397E62B5-D858-47F8-BFCA-5F0A3574DDAF}
	EndProjectSection
EndProject
Project("{9A19103F-16F7-4668-BE54-9A1E7A4F7556}") = "UndoRedoManager", "UndoRedoManager\UndoRedoManager.csproj", "{AEC24EC9-BE57-4219-A3D8-62826A6BC765}"
	ProjectSection(ProjectDependencies) = postProject
		{397E62B5-D858-47F8-BFCA-5F0A3574DDAF} = {397E62B5-D858-47F8-BFCA-5F0A3574DDAF}
	EndProjectSection
EndProject
Project("{9A19103F-16F7-4668-BE54-9A1E7A4F7556}") = "BusyIndicator", "BusyIndicator\BusyIndicator.csproj", "{F0E68B94-E370-474E-B963-B7271E4FBF8B}"
	ProjectSection(ProjectDependencies) = postProject
		{397E62B5-D858-47F8-BFCA-5F0A3574DDAF} = {397E62B5-D858-47F8-BFCA-5F0A3574DDAF}
	EndProjectSection
EndProject
Project("{2150E333-8FDC-42A3-9474-1A3956D46DE8}") = "Solution Items", "Solution Items", "{6006B37A-F1AA-4983-AD6F-89E39879B4AD}"
	ProjectSection(SolutionItems) = preProject
		.editorconfig = .editorconfig
	EndProjectSection
EndProject
Project("{9A19103F-16F7-4668-BE54-9A1E7A4F7556}") = "PreBuild", "PreBuild\PreBuild.csproj", "{397E62B5-D858-47F8-BFCA-5F0A3574DDAF}"
EndProject
Project("{2150E333-8FDC-42A3-9474-1A3956D46DE8}") = "Demo", "Demo", "{80EA239E-CFC7-4470-B0F1-12F024D284B5}"
EndProject
Project("{9A19103F-16F7-4668-BE54-9A1E7A4F7556}") = "BusyIndicator.Demo", "Demo\BusyIndicator.Demo\BusyIndicator.Demo.csproj", "{F01CB87B-C95A-4AA9-84C7-93B192E31BCD}"
EndProject
Project("{9A19103F-16F7-4668-BE54-9A1E7A4F7556}") = "DialogValidation.Demo", "Demo\DialogValidation.Demo\DialogValidation.Demo.csproj", "{32F0C528-7A29-4412-86ED-82EE5480C9DF}"
EndProject
Project("{9A19103F-16F7-4668-BE54-9A1E7A4F7556}") = "EditableTextBlock.Demo", "Demo\EditableTextBlock.Demo\EditableTextBlock.Demo.csproj", "{0FE827B2-66DA-406F-A4B7-309A31D11BCB}"
EndProject
Project("{9A19103F-16F7-4668-BE54-9A1E7A4F7556}") = "EnumComboBox.Demo", "Demo\EnumComboBox.Demo\EnumComboBox.Demo.csproj", "{3A59BC48-87AD-4894-B3B4-D074F8CBABB9}"
EndProject
Project("{9A19103F-16F7-4668-BE54-9A1E7A4F7556}") = "EnumRadioButton.Demo", "Demo\EnumRadioButton.Demo\EnumRadioButton.Demo.csproj", "{D0CD1AB0-C630-4F4F-A2F5-0E933833383B}"
EndProject
Project("{9A19103F-16F7-4668-BE54-9A1E7A4F7556}") = "ExtendedCommandControls.Demo", "Demo\ExtendedCommandControls.Demo\ExtendedCommandControls.Demo.csproj", "{DCBD29A9-7EFD-4C16-B9EC-0B848F005427}"
EndProject
Project("{9A19103F-16F7-4668-BE54-9A1E7A4F7556}") = "ExtendedTreeView.Demo", "Demo\ExtendedTreeView.Demo\ExtendedTreeView.Demo.csproj", "{2B83E2F1-2374-493A-B4B5-2AB11AD90D36}"
EndProject
Project("{9A19103F-16F7-4668-BE54-9A1E7A4F7556}") = "SplitView.Demo", "Demo\SplitView.Demo\SplitView.Demo.csproj", "{59A2C7B9-115C-462C-B2CD-CEAB25BAA050}"
EndProject
Project("{2150E333-8FDC-42A3-9474-1A3956D46DE8}") = "Test", "Test", "{7A4980AE-D9E0-4C45-9BF8-F8BC188B94FB}"
EndProject
Project("{9A19103F-16F7-4668-BE54-9A1E7A4F7556}") = "DialogValidation.Test", "Test\DialogValidation.Test\DialogValidation.Test.csproj", "{BADF93FA-E0D6-4AFB-B3E7-C6585E1A4C7D}"
EndProject
Project("{9A19103F-16F7-4668-BE54-9A1E7A4F7556}") = "EditableTextBlock.Test", "Test\EditableTextBlock.Test\EditableTextBlock.Test.csproj", "{1B4F1DFF-77E7-4BD8-9CA9-A53D677A563C}"
EndProject
Project("{9A19103F-16F7-4668-BE54-9A1E7A4F7556}") = "EnumComboBox.Test", "Test\EnumComboBox.Test\EnumComboBox.Test.csproj", "{6D2F86FF-4793-4A19-8991-8BB63C7707E5}"
EndProject
Project("{9A19103F-16F7-4668-BE54-9A1E7A4F7556}") = "EnumRadioButton.Test", "Test\EnumRadioButton.Test\EnumRadioButton.Test.csproj", "{E71E41B6-49DF-45D7-8AAD-3CE647204F8C}"
EndProject
Project("{9A19103F-16F7-4668-BE54-9A1E7A4F7556}") = "ExtendedCommandControls.Test", "Test\ExtendedCommandControls.Test\ExtendedCommandControls.Test.csproj", "{5ADB9B32-F7AF-40CF-8E33-0563949FF0FE}"
EndProject
Project("{9A19103F-16F7-4668-BE54-9A1E7A4F7556}") = "TestTools", "Test\TestTools\TestTools.csproj", "{E4F3FC20-383B-42A6-B1B9-F3D4E4039426}"
EndProject
Project("{9A19103F-16F7-4668-BE54-9A1E7A4F7556}") = "DispatcherLagMeter", "DispatcherLagMeter\DispatcherLagMeter.csproj", "{6B99FB6D-5F56-48FF-BBE1-F31324695218}"
EndProject
Project("{9A19103F-16F7-4668-BE54-9A1E7A4F7556}") = "DispatcherLagMeter.Demo", "Demo\DispatcherLagMeter.Demo\DispatcherLagMeter.Demo.csproj", "{C3A7F4E3-27BA-491E-AAA1-4019177D000A}"
EndProject
Project("{9A19103F-16F7-4668-BE54-9A1E7A4F7556}") = "DispatcherLagMeter.Test", "Test\DispatcherLagMeter.Test\DispatcherLagMeter.Test.csproj", "{3379DBA4-9C16-46DE-8B16-DD2D66608386}"
EndProject
Global
	GlobalSection(SolutionConfigurationPlatforms) = preSolution
		Debug|Any CPU = Debug|Any CPU
		Debug|x64 = Debug|x64
		Release|Any CPU = Release|Any CPU
		Release|x64 = Release|x64
	EndGlobalSection
	GlobalSection(ProjectConfigurationPlatforms) = postSolution
		{F43A1008-F9CE-4423-B31C-448D32519B31}.Debug|Any CPU.ActiveCfg = Debug|x64
		{F43A1008-F9CE-4423-B31C-448D32519B31}.Debug|Any CPU.Build.0 = Debug|x64
		{F43A1008-F9CE-4423-B31C-448D32519B31}.Debug|x64.ActiveCfg = Debug|x64
		{F43A1008-F9CE-4423-B31C-448D32519B31}.Debug|x64.Build.0 = Debug|x64
		{F43A1008-F9CE-4423-B31C-448D32519B31}.Release|Any CPU.ActiveCfg = Release|x64
		{F43A1008-F9CE-4423-B31C-448D32519B31}.Release|Any CPU.Build.0 = Release|x64
		{F43A1008-F9CE-4423-B31C-448D32519B31}.Release|x64.ActiveCfg = Release|x64
		{F43A1008-F9CE-4423-B31C-448D32519B31}.Release|x64.Build.0 = Release|x64
		{1CA197BB-D29F-43AD-8FB1-F920F7F7B6FA}.Debug|Any CPU.ActiveCfg = Debug|x64
		{1CA197BB-D29F-43AD-8FB1-F920F7F7B6FA}.Debug|Any CPU.Build.0 = Debug|x64
		{1CA197BB-D29F-43AD-8FB1-F920F7F7B6FA}.Debug|x64.ActiveCfg = Debug|x64
		{1CA197BB-D29F-43AD-8FB1-F920F7F7B6FA}.Debug|x64.Build.0 = Debug|x64
		{1CA197BB-D29F-43AD-8FB1-F920F7F7B6FA}.Release|Any CPU.ActiveCfg = Release|x64
		{1CA197BB-D29F-43AD-8FB1-F920F7F7B6FA}.Release|Any CPU.Build.0 = Release|x64
		{1CA197BB-D29F-43AD-8FB1-F920F7F7B6FA}.Release|x64.ActiveCfg = Release|x64
		{1CA197BB-D29F-43AD-8FB1-F920F7F7B6FA}.Release|x64.Build.0 = Release|x64
		{0FBADA65-9A03-439C-8991-2C58091FCC3F}.Debug|Any CPU.ActiveCfg = Debug|x64
		{0FBADA65-9A03-439C-8991-2C58091FCC3F}.Debug|Any CPU.Build.0 = Debug|x64
		{0FBADA65-9A03-439C-8991-2C58091FCC3F}.Debug|x64.ActiveCfg = Debug|x64
		{0FBADA65-9A03-439C-8991-2C58091FCC3F}.Debug|x64.Build.0 = Debug|x64
		{0FBADA65-9A03-439C-8991-2C58091FCC3F}.Release|Any CPU.ActiveCfg = Release|x64
		{0FBADA65-9A03-439C-8991-2C58091FCC3F}.Release|Any CPU.Build.0 = Release|x64
		{0FBADA65-9A03-439C-8991-2C58091FCC3F}.Release|x64.ActiveCfg = Release|x64
		{0FBADA65-9A03-439C-8991-2C58091FCC3F}.Release|x64.Build.0 = Release|x64
		{E1BCB2F8-219A-4CEF-B992-96A1F5A5A782}.Debug|Any CPU.ActiveCfg = Debug|x64
		{E1BCB2F8-219A-4CEF-B992-96A1F5A5A782}.Debug|Any CPU.Build.0 = Debug|x64
		{E1BCB2F8-219A-4CEF-B992-96A1F5A5A782}.Debug|x64.ActiveCfg = Debug|x64
		{E1BCB2F8-219A-4CEF-B992-96A1F5A5A782}.Debug|x64.Build.0 = Debug|x64
		{E1BCB2F8-219A-4CEF-B992-96A1F5A5A782}.Release|Any CPU.ActiveCfg = Release|x64
		{E1BCB2F8-219A-4CEF-B992-96A1F5A5A782}.Release|Any CPU.Build.0 = Release|x64
		{E1BCB2F8-219A-4CEF-B992-96A1F5A5A782}.Release|x64.ActiveCfg = Release|x64
		{E1BCB2F8-219A-4CEF-B992-96A1F5A5A782}.Release|x64.Build.0 = Release|x64
		{9368643D-59A7-4678-BA7D-DE551146E13A}.Debug|Any CPU.ActiveCfg = Debug|x64
		{9368643D-59A7-4678-BA7D-DE551146E13A}.Debug|Any CPU.Build.0 = Debug|x64
		{9368643D-59A7-4678-BA7D-DE551146E13A}.Debug|x64.ActiveCfg = Debug|x64
		{9368643D-59A7-4678-BA7D-DE551146E13A}.Debug|x64.Build.0 = Debug|x64
		{9368643D-59A7-4678-BA7D-DE551146E13A}.Release|Any CPU.ActiveCfg = Release|x64
		{9368643D-59A7-4678-BA7D-DE551146E13A}.Release|Any CPU.Build.0 = Release|x64
		{9368643D-59A7-4678-BA7D-DE551146E13A}.Release|x64.ActiveCfg = Release|x64
		{9368643D-59A7-4678-BA7D-DE551146E13A}.Release|x64.Build.0 = Release|x64
		{8B13645A-ED02-445D-9648-F67994EBD2E9}.Debug|Any CPU.ActiveCfg = Debug|x64
		{8B13645A-ED02-445D-9648-F67994EBD2E9}.Debug|Any CPU.Build.0 = Debug|x64
		{8B13645A-ED02-445D-9648-F67994EBD2E9}.Debug|x64.ActiveCfg = Debug|x64
		{8B13645A-ED02-445D-9648-F67994EBD2E9}.Debug|x64.Build.0 = Debug|x64
		{8B13645A-ED02-445D-9648-F67994EBD2E9}.Release|Any CPU.ActiveCfg = Release|x64
		{8B13645A-ED02-445D-9648-F67994EBD2E9}.Release|Any CPU.Build.0 = Release|x64
		{8B13645A-ED02-445D-9648-F67994EBD2E9}.Release|x64.ActiveCfg = Release|x64
		{8B13645A-ED02-445D-9648-F67994EBD2E9}.Release|x64.Build.0 = Release|x64
		{1C756FC3-66AE-45AB-958D-C8AAF6CA2E9F}.Debug|Any CPU.ActiveCfg = Debug|x64
		{1C756FC3-66AE-45AB-958D-C8AAF6CA2E9F}.Debug|Any CPU.Build.0 = Debug|x64
		{1C756FC3-66AE-45AB-958D-C8AAF6CA2E9F}.Debug|x64.ActiveCfg = Debug|x64
		{1C756FC3-66AE-45AB-958D-C8AAF6CA2E9F}.Debug|x64.Build.0 = Debug|x64
		{1C756FC3-66AE-45AB-958D-C8AAF6CA2E9F}.Release|Any CPU.ActiveCfg = Release|x64
		{1C756FC3-66AE-45AB-958D-C8AAF6CA2E9F}.Release|Any CPU.Build.0 = Release|x64
		{1C756FC3-66AE-45AB-958D-C8AAF6CA2E9F}.Release|x64.ActiveCfg = Release|x64
		{1C756FC3-66AE-45AB-958D-C8AAF6CA2E9F}.Release|x64.Build.0 = Release|x64
		{5AF7807C-35FB-4FD1-B94B-AA1AFE3FFE5F}.Debug|Any CPU.ActiveCfg = Debug|x64
		{5AF7807C-35FB-4FD1-B94B-AA1AFE3FFE5F}.Debug|Any CPU.Build.0 = Debug|x64
		{5AF7807C-35FB-4FD1-B94B-AA1AFE3FFE5F}.Debug|x64.ActiveCfg = Debug|x64
		{5AF7807C-35FB-4FD1-B94B-AA1AFE3FFE5F}.Debug|x64.Build.0 = Debug|x64
		{5AF7807C-35FB-4FD1-B94B-AA1AFE3FFE5F}.Release|Any CPU.ActiveCfg = Release|x64
		{5AF7807C-35FB-4FD1-B94B-AA1AFE3FFE5F}.Release|Any CPU.Build.0 = Release|x64
		{5AF7807C-35FB-4FD1-B94B-AA1AFE3FFE5F}.Release|x64.ActiveCfg = Release|x64
		{5AF7807C-35FB-4FD1-B94B-AA1AFE3FFE5F}.Release|x64.Build.0 = Release|x64
		{15534032-C7BE-48A0-8E0F-0EC7F2B8491C}.Debug|Any CPU.ActiveCfg = Debug|x64
		{15534032-C7BE-48A0-8E0F-0EC7F2B8491C}.Debug|Any CPU.Build.0 = Debug|x64
		{15534032-C7BE-48A0-8E0F-0EC7F2B8491C}.Debug|x64.ActiveCfg = Debug|x64
		{15534032-C7BE-48A0-8E0F-0EC7F2B8491C}.Debug|x64.Build.0 = Debug|x64
		{15534032-C7BE-48A0-8E0F-0EC7F2B8491C}.Release|Any CPU.ActiveCfg = Release|x64
		{15534032-C7BE-48A0-8E0F-0EC7F2B8491C}.Release|Any CPU.Build.0 = Release|x64
		{15534032-C7BE-48A0-8E0F-0EC7F2B8491C}.Release|x64.ActiveCfg = Release|x64
		{15534032-C7BE-48A0-8E0F-0EC7F2B8491C}.Release|x64.Build.0 = Release|x64
		{2C7C7E3B-1A44-4A0F-9105-D6F0EBA2CCA4}.Debug|Any CPU.ActiveCfg = Debug|x64
		{2C7C7E3B-1A44-4A0F-9105-D6F0EBA2CCA4}.Debug|Any CPU.Build.0 = Debug|x64
		{2C7C7E3B-1A44-4A0F-9105-D6F0EBA2CCA4}.Debug|x64.ActiveCfg = Debug|x64
		{2C7C7E3B-1A44-4A0F-9105-D6F0EBA2CCA4}.Debug|x64.Build.0 = Debug|x64
		{2C7C7E3B-1A44-4A0F-9105-D6F0EBA2CCA4}.Release|Any CPU.ActiveCfg = Release|x64
		{2C7C7E3B-1A44-4A0F-9105-D6F0EBA2CCA4}.Release|Any CPU.Build.0 = Release|x64
		{2C7C7E3B-1A44-4A0F-9105-D6F0EBA2CCA4}.Release|x64.ActiveCfg = Release|x64
		{2C7C7E3B-1A44-4A0F-9105-D6F0EBA2CCA4}.Release|x64.Build.0 = Release|x64
		{CC05DE21-5394-4666-B8D4-7C782B54541F}.Debug|Any CPU.ActiveCfg = Debug|x64
		{CC05DE21-5394-4666-B8D4-7C782B54541F}.Debug|Any CPU.Build.0 = Debug|x64
		{CC05DE21-5394-4666-B8D4-7C782B54541F}.Debug|x64.ActiveCfg = Debug|x64
		{CC05DE21-5394-4666-B8D4-7C782B54541F}.Debug|x64.Build.0 = Debug|x64
		{CC05DE21-5394-4666-B8D4-7C782B54541F}.Release|Any CPU.ActiveCfg = Release|x64
		{CC05DE21-5394-4666-B8D4-7C782B54541F}.Release|Any CPU.Build.0 = Release|x64
		{CC05DE21-5394-4666-B8D4-7C782B54541F}.Release|x64.ActiveCfg = Release|x64
		{CC05DE21-5394-4666-B8D4-7C782B54541F}.Release|x64.Build.0 = Release|x64
		{AEC24EC9-BE57-4219-A3D8-62826A6BC765}.Debug|Any CPU.ActiveCfg = Debug|x64
		{AEC24EC9-BE57-4219-A3D8-62826A6BC765}.Debug|Any CPU.Build.0 = Debug|x64
		{AEC24EC9-BE57-4219-A3D8-62826A6BC765}.Debug|x64.ActiveCfg = Debug|x64
		{AEC24EC9-BE57-4219-A3D8-62826A6BC765}.Debug|x64.Build.0 = Debug|x64
		{AEC24EC9-BE57-4219-A3D8-62826A6BC765}.Release|Any CPU.ActiveCfg = Release|x64
		{AEC24EC9-BE57-4219-A3D8-62826A6BC765}.Release|Any CPU.Build.0 = Release|x64
		{AEC24EC9-BE57-4219-A3D8-62826A6BC765}.Release|x64.ActiveCfg = Release|x64
		{AEC24EC9-BE57-4219-A3D8-62826A6BC765}.Release|x64.Build.0 = Release|x64
		{F0E68B94-E370-474E-B963-B7271E4FBF8B}.Debug|Any CPU.ActiveCfg = Debug|x64
		{F0E68B94-E370-474E-B963-B7271E4FBF8B}.Debug|Any CPU.Build.0 = Debug|x64
		{F0E68B94-E370-474E-B963-B7271E4FBF8B}.Debug|x64.ActiveCfg = Debug|x64
		{F0E68B94-E370-474E-B963-B7271E4FBF8B}.Debug|x64.Build.0 = Debug|x64
		{F0E68B94-E370-474E-B963-B7271E4FBF8B}.Release|Any CPU.ActiveCfg = Release|x64
		{F0E68B94-E370-474E-B963-B7271E4FBF8B}.Release|Any CPU.Build.0 = Release|x64
		{F0E68B94-E370-474E-B963-B7271E4FBF8B}.Release|x64.ActiveCfg = Release|x64
		{F0E68B94-E370-474E-B963-B7271E4FBF8B}.Release|x64.Build.0 = Release|x64
		{397E62B5-D858-47F8-BFCA-5F0A3574DDAF}.Debug|Any CPU.ActiveCfg = Debug|x64
		{397E62B5-D858-47F8-BFCA-5F0A3574DDAF}.Debug|Any CPU.Build.0 = Debug|x64
		{397E62B5-D858-47F8-BFCA-5F0A3574DDAF}.Debug|x64.ActiveCfg = Debug|x64
		{397E62B5-D858-47F8-BFCA-5F0A3574DDAF}.Debug|x64.Build.0 = Debug|x64
		{397E62B5-D858-47F8-BFCA-5F0A3574DDAF}.Release|Any CPU.ActiveCfg = Release|x64
		{397E62B5-D858-47F8-BFCA-5F0A3574DDAF}.Release|Any CPU.Build.0 = Release|x64
		{397E62B5-D858-47F8-BFCA-5F0A3574DDAF}.Release|x64.ActiveCfg = Release|x64
		{397E62B5-D858-47F8-BFCA-5F0A3574DDAF}.Release|x64.Build.0 = Release|x64
		{F01CB87B-C95A-4AA9-84C7-93B192E31BCD}.Debug|Any CPU.ActiveCfg = Debug|x64
		{F01CB87B-C95A-4AA9-84C7-93B192E31BCD}.Debug|Any CPU.Build.0 = Debug|x64
		{F01CB87B-C95A-4AA9-84C7-93B192E31BCD}.Debug|x64.ActiveCfg = Debug|x64
		{F01CB87B-C95A-4AA9-84C7-93B192E31BCD}.Debug|x64.Build.0 = Debug|x64
		{F01CB87B-C95A-4AA9-84C7-93B192E31BCD}.Release|Any CPU.ActiveCfg = Release|x64
		{F01CB87B-C95A-4AA9-84C7-93B192E31BCD}.Release|Any CPU.Build.0 = Release|x64
		{F01CB87B-C95A-4AA9-84C7-93B192E31BCD}.Release|x64.ActiveCfg = Release|x64
		{F01CB87B-C95A-4AA9-84C7-93B192E31BCD}.Release|x64.Build.0 = Release|x64
		{32F0C528-7A29-4412-86ED-82EE5480C9DF}.Debug|Any CPU.ActiveCfg = Debug|x64
		{32F0C528-7A29-4412-86ED-82EE5480C9DF}.Debug|Any CPU.Build.0 = Debug|x64
		{32F0C528-7A29-4412-86ED-82EE5480C9DF}.Debug|x64.ActiveCfg = Debug|x64
		{32F0C528-7A29-4412-86ED-82EE5480C9DF}.Debug|x64.Build.0 = Debug|x64
		{32F0C528-7A29-4412-86ED-82EE5480C9DF}.Release|Any CPU.ActiveCfg = Release|x64
		{32F0C528-7A29-4412-86ED-82EE5480C9DF}.Release|Any CPU.Build.0 = Release|x64
		{32F0C528-7A29-4412-86ED-82EE5480C9DF}.Release|x64.ActiveCfg = Release|x64
		{32F0C528-7A29-4412-86ED-82EE5480C9DF}.Release|x64.Build.0 = Release|x64
		{0FE827B2-66DA-406F-A4B7-309A31D11BCB}.Debug|Any CPU.ActiveCfg = Debug|x64
		{0FE827B2-66DA-406F-A4B7-309A31D11BCB}.Debug|Any CPU.Build.0 = Debug|x64
		{0FE827B2-66DA-406F-A4B7-309A31D11BCB}.Debug|x64.ActiveCfg = Debug|x64
		{0FE827B2-66DA-406F-A4B7-309A31D11BCB}.Debug|x64.Build.0 = Debug|x64
		{0FE827B2-66DA-406F-A4B7-309A31D11BCB}.Release|Any CPU.ActiveCfg = Release|x64
		{0FE827B2-66DA-406F-A4B7-309A31D11BCB}.Release|Any CPU.Build.0 = Release|x64
		{0FE827B2-66DA-406F-A4B7-309A31D11BCB}.Release|x64.ActiveCfg = Release|x64
		{0FE827B2-66DA-406F-A4B7-309A31D11BCB}.Release|x64.Build.0 = Release|x64
		{3A59BC48-87AD-4894-B3B4-D074F8CBABB9}.Debug|Any CPU.ActiveCfg = Debug|x64
		{3A59BC48-87AD-4894-B3B4-D074F8CBABB9}.Debug|Any CPU.Build.0 = Debug|x64
		{3A59BC48-87AD-4894-B3B4-D074F8CBABB9}.Debug|x64.ActiveCfg = Debug|x64
		{3A59BC48-87AD-4894-B3B4-D074F8CBABB9}.Debug|x64.Build.0 = Debug|x64
		{3A59BC48-87AD-4894-B3B4-D074F8CBABB9}.Release|Any CPU.ActiveCfg = Release|x64
		{3A59BC48-87AD-4894-B3B4-D074F8CBABB9}.Release|Any CPU.Build.0 = Release|x64
		{3A59BC48-87AD-4894-B3B4-D074F8CBABB9}.Release|x64.ActiveCfg = Release|x64
		{3A59BC48-87AD-4894-B3B4-D074F8CBABB9}.Release|x64.Build.0 = Release|x64
		{D0CD1AB0-C630-4F4F-A2F5-0E933833383B}.Debug|Any CPU.ActiveCfg = Debug|x64
		{D0CD1AB0-C630-4F4F-A2F5-0E933833383B}.Debug|Any CPU.Build.0 = Debug|x64
		{D0CD1AB0-C630-4F4F-A2F5-0E933833383B}.Debug|x64.ActiveCfg = Debug|x64
		{D0CD1AB0-C630-4F4F-A2F5-0E933833383B}.Debug|x64.Build.0 = Debug|x64
		{D0CD1AB0-C630-4F4F-A2F5-0E933833383B}.Release|Any CPU.ActiveCfg = Release|x64
		{D0CD1AB0-C630-4F4F-A2F5-0E933833383B}.Release|Any CPU.Build.0 = Release|x64
		{D0CD1AB0-C630-4F4F-A2F5-0E933833383B}.Release|x64.ActiveCfg = Release|x64
		{D0CD1AB0-C630-4F4F-A2F5-0E933833383B}.Release|x64.Build.0 = Release|x64
		{DCBD29A9-7EFD-4C16-B9EC-0B848F005427}.Debug|Any CPU.ActiveCfg = Debug|x64
		{DCBD29A9-7EFD-4C16-B9EC-0B848F005427}.Debug|Any CPU.Build.0 = Debug|x64
		{DCBD29A9-7EFD-4C16-B9EC-0B848F005427}.Debug|x64.ActiveCfg = Debug|x64
		{DCBD29A9-7EFD-4C16-B9EC-0B848F005427}.Debug|x64.Build.0 = Debug|x64
		{DCBD29A9-7EFD-4C16-B9EC-0B848F005427}.Release|Any CPU.ActiveCfg = Release|x64
		{DCBD29A9-7EFD-4C16-B9EC-0B848F005427}.Release|Any CPU.Build.0 = Release|x64
		{DCBD29A9-7EFD-4C16-B9EC-0B848F005427}.Release|x64.ActiveCfg = Release|x64
		{DCBD29A9-7EFD-4C16-B9EC-0B848F005427}.Release|x64.Build.0 = Release|x64
		{2B83E2F1-2374-493A-B4B5-2AB11AD90D36}.Debug|Any CPU.ActiveCfg = Debug|x64
		{2B83E2F1-2374-493A-B4B5-2AB11AD90D36}.Debug|Any CPU.Build.0 = Debug|x64
		{2B83E2F1-2374-493A-B4B5-2AB11AD90D36}.Debug|x64.ActiveCfg = Debug|x64
		{2B83E2F1-2374-493A-B4B5-2AB11AD90D36}.Debug|x64.Build.0 = Debug|x64
		{2B83E2F1-2374-493A-B4B5-2AB11AD90D36}.Release|Any CPU.ActiveCfg = Release|x64
		{2B83E2F1-2374-493A-B4B5-2AB11AD90D36}.Release|Any CPU.Build.0 = Release|x64
		{2B83E2F1-2374-493A-B4B5-2AB11AD90D36}.Release|x64.ActiveCfg = Release|x64
		{2B83E2F1-2374-493A-B4B5-2AB11AD90D36}.Release|x64.Build.0 = Release|x64
		{59A2C7B9-115C-462C-B2CD-CEAB25BAA050}.Debug|Any CPU.ActiveCfg = Debug|x64
		{59A2C7B9-115C-462C-B2CD-CEAB25BAA050}.Debug|Any CPU.Build.0 = Debug|x64
		{59A2C7B9-115C-462C-B2CD-CEAB25BAA050}.Debug|x64.ActiveCfg = Debug|x64
		{59A2C7B9-115C-462C-B2CD-CEAB25BAA050}.Debug|x64.Build.0 = Debug|x64
		{59A2C7B9-115C-462C-B2CD-CEAB25BAA050}.Release|Any CPU.ActiveCfg = Release|x64
		{59A2C7B9-115C-462C-B2CD-CEAB25BAA050}.Release|Any CPU.Build.0 = Release|x64
		{59A2C7B9-115C-462C-B2CD-CEAB25BAA050}.Release|x64.ActiveCfg = Release|x64
		{59A2C7B9-115C-462C-B2CD-CEAB25BAA050}.Release|x64.Build.0 = Release|x64
		{BADF93FA-E0D6-4AFB-B3E7-C6585E1A4C7D}.Debug|Any CPU.ActiveCfg = Debug|x64
		{BADF93FA-E0D6-4AFB-B3E7-C6585E1A4C7D}.Debug|Any CPU.Build.0 = Debug|x64
		{BADF93FA-E0D6-4AFB-B3E7-C6585E1A4C7D}.Debug|x64.ActiveCfg = Debug|x64
		{BADF93FA-E0D6-4AFB-B3E7-C6585E1A4C7D}.Debug|x64.Build.0 = Debug|x64
		{BADF93FA-E0D6-4AFB-B3E7-C6585E1A4C7D}.Release|Any CPU.ActiveCfg = Release|x64
		{BADF93FA-E0D6-4AFB-B3E7-C6585E1A4C7D}.Release|Any CPU.Build.0 = Release|x64
		{BADF93FA-E0D6-4AFB-B3E7-C6585E1A4C7D}.Release|x64.ActiveCfg = Release|x64
		{BADF93FA-E0D6-4AFB-B3E7-C6585E1A4C7D}.Release|x64.Build.0 = Release|x64
		{1B4F1DFF-77E7-4BD8-9CA9-A53D677A563C}.Debug|Any CPU.ActiveCfg = Debug|x64
		{1B4F1DFF-77E7-4BD8-9CA9-A53D677A563C}.Debug|Any CPU.Build.0 = Debug|x64
		{1B4F1DFF-77E7-4BD8-9CA9-A53D677A563C}.Debug|x64.ActiveCfg = Debug|x64
		{1B4F1DFF-77E7-4BD8-9CA9-A53D677A563C}.Debug|x64.Build.0 = Debug|x64
		{1B4F1DFF-77E7-4BD8-9CA9-A53D677A563C}.Release|Any CPU.ActiveCfg = Release|x64
		{1B4F1DFF-77E7-4BD8-9CA9-A53D677A563C}.Release|Any CPU.Build.0 = Release|x64
		{1B4F1DFF-77E7-4BD8-9CA9-A53D677A563C}.Release|x64.ActiveCfg = Release|x64
		{1B4F1DFF-77E7-4BD8-9CA9-A53D677A563C}.Release|x64.Build.0 = Release|x64
		{6D2F86FF-4793-4A19-8991-8BB63C7707E5}.Debug|Any CPU.ActiveCfg = Debug|x64
		{6D2F86FF-4793-4A19-8991-8BB63C7707E5}.Debug|Any CPU.Build.0 = Debug|x64
		{6D2F86FF-4793-4A19-8991-8BB63C7707E5}.Debug|x64.ActiveCfg = Debug|x64
		{6D2F86FF-4793-4A19-8991-8BB63C7707E5}.Debug|x64.Build.0 = Debug|x64
		{6D2F86FF-4793-4A19-8991-8BB63C7707E5}.Release|Any CPU.ActiveCfg = Release|x64
		{6D2F86FF-4793-4A19-8991-8BB63C7707E5}.Release|Any CPU.Build.0 = Release|x64
		{6D2F86FF-4793-4A19-8991-8BB63C7707E5}.Release|x64.ActiveCfg = Release|x64
		{6D2F86FF-4793-4A19-8991-8BB63C7707E5}.Release|x64.Build.0 = Release|x64
		{E71E41B6-49DF-45D7-8AAD-3CE647204F8C}.Debug|Any CPU.ActiveCfg = Debug|x64
		{E71E41B6-49DF-45D7-8AAD-3CE647204F8C}.Debug|Any CPU.Build.0 = Debug|x64
		{E71E41B6-49DF-45D7-8AAD-3CE647204F8C}.Debug|x64.ActiveCfg = Debug|x64
		{E71E41B6-49DF-45D7-8AAD-3CE647204F8C}.Debug|x64.Build.0 = Debug|x64
		{E71E41B6-49DF-45D7-8AAD-3CE647204F8C}.Release|Any CPU.ActiveCfg = Release|x64
		{E71E41B6-49DF-45D7-8AAD-3CE647204F8C}.Release|Any CPU.Build.0 = Release|x64
		{E71E41B6-49DF-45D7-8AAD-3CE647204F8C}.Release|x64.ActiveCfg = Release|x64
		{E71E41B6-49DF-45D7-8AAD-3CE647204F8C}.Release|x64.Build.0 = Release|x64
		{5ADB9B32-F7AF-40CF-8E33-0563949FF0FE}.Debug|Any CPU.ActiveCfg = Debug|x64
		{5ADB9B32-F7AF-40CF-8E33-0563949FF0FE}.Debug|Any CPU.Build.0 = Debug|x64
		{5ADB9B32-F7AF-40CF-8E33-0563949FF0FE}.Debug|x64.ActiveCfg = Debug|x64
		{5ADB9B32-F7AF-40CF-8E33-0563949FF0FE}.Debug|x64.Build.0 = Debug|x64
		{5ADB9B32-F7AF-40CF-8E33-0563949FF0FE}.Release|Any CPU.ActiveCfg = Release|x64
		{5ADB9B32-F7AF-40CF-8E33-0563949FF0FE}.Release|Any CPU.Build.0 = Release|x64
		{5ADB9B32-F7AF-40CF-8E33-0563949FF0FE}.Release|x64.ActiveCfg = Release|x64
		{5ADB9B32-F7AF-40CF-8E33-0563949FF0FE}.Release|x64.Build.0 = Release|x64
		{E4F3FC20-383B-42A6-B1B9-F3D4E4039426}.Debug|Any CPU.ActiveCfg = Debug|x64
		{E4F3FC20-383B-42A6-B1B9-F3D4E4039426}.Debug|Any CPU.Build.0 = Debug|x64
		{E4F3FC20-383B-42A6-B1B9-F3D4E4039426}.Debug|x64.ActiveCfg = Debug|x64
		{E4F3FC20-383B-42A6-B1B9-F3D4E4039426}.Debug|x64.Build.0 = Debug|x64
		{E4F3FC20-383B-42A6-B1B9-F3D4E4039426}.Release|Any CPU.ActiveCfg = Release|x64
		{E4F3FC20-383B-42A6-B1B9-F3D4E4039426}.Release|Any CPU.Build.0 = Release|x64
		{E4F3FC20-383B-42A6-B1B9-F3D4E4039426}.Release|x64.ActiveCfg = Release|x64
		{E4F3FC20-383B-42A6-B1B9-F3D4E4039426}.Release|x64.Build.0 = Release|x64
		{6B99FB6D-5F56-48FF-BBE1-F31324695218}.Debug|Any CPU.ActiveCfg = Debug|x64
		{6B99FB6D-5F56-48FF-BBE1-F31324695218}.Debug|Any CPU.Build.0 = Debug|x64
		{6B99FB6D-5F56-48FF-BBE1-F31324695218}.Debug|x64.ActiveCfg = Debug|x64
		{6B99FB6D-5F56-48FF-BBE1-F31324695218}.Debug|x64.Build.0 = Debug|x64
		{6B99FB6D-5F56-48FF-BBE1-F31324695218}.Release|Any CPU.ActiveCfg = Release|x64
		{6B99FB6D-5F56-48FF-BBE1-F31324695218}.Release|Any CPU.Build.0 = Release|x64
		{6B99FB6D-5F56-48FF-BBE1-F31324695218}.Release|x64.ActiveCfg = Release|x64
		{6B99FB6D-5F56-48FF-BBE1-F31324695218}.Release|x64.Build.0 = Release|x64
		{C3A7F4E3-27BA-491E-AAA1-4019177D000A}.Debug|Any CPU.ActiveCfg = Debug|x64
		{C3A7F4E3-27BA-491E-AAA1-4019177D000A}.Debug|Any CPU.Build.0 = Debug|x64
		{C3A7F4E3-27BA-491E-AAA1-4019177D000A}.Debug|x64.ActiveCfg = Debug|x64
		{C3A7F4E3-27BA-491E-AAA1-4019177D000A}.Debug|x64.Build.0 = Debug|x64
		{C3A7F4E3-27BA-491E-AAA1-4019177D000A}.Release|Any CPU.ActiveCfg = Release|x64
		{C3A7F4E3-27BA-491E-AAA1-4019177D000A}.Release|Any CPU.Build.0 = Release|x64
		{C3A7F4E3-27BA-491E-AAA1-4019177D000A}.Release|x64.ActiveCfg = Release|x64
		{C3A7F4E3-27BA-491E-AAA1-4019177D000A}.Release|x64.Build.0 = Release|x64
		{3379DBA4-9C16-46DE-8B16-DD2D66608386}.Debug|Any CPU.ActiveCfg = Debug|x64
		{3379DBA4-9C16-46DE-8B16-DD2D66608386}.Debug|Any CPU.Build.0 = Debug|x64
		{3379DBA4-9C16-46DE-8B16-DD2D66608386}.Debug|x64.ActiveCfg = Debug|x64
		{3379DBA4-9C16-46DE-8B16-DD2D66608386}.Debug|x64.Build.0 = Debug|x64
		{3379DBA4-9C16-46DE-8B16-DD2D66608386}.Release|Any CPU.ActiveCfg = Release|x64
		{3379DBA4-9C16-46DE-8B16-DD2D66608386}.Release|Any CPU.Build.0 = Release|x64
		{3379DBA4-9C16-46DE-8B16-DD2D66608386}.Release|x64.ActiveCfg = Release|x64
		{3379DBA4-9C16-46DE-8B16-DD2D66608386}.Release|x64.Build.0 = Release|x64
	EndGlobalSection
	GlobalSection(SolutionProperties) = preSolution
		HideSolutionNode = FALSE
	EndGlobalSection
	GlobalSection(NestedProjects) = preSolution
		{F01CB87B-C95A-4AA9-84C7-93B192E31BCD} = {80EA239E-CFC7-4470-B0F1-12F024D284B5}
		{32F0C528-7A29-4412-86ED-82EE5480C9DF} = {80EA239E-CFC7-4470-B0F1-12F024D284B5}
		{0FE827B2-66DA-406F-A4B7-309A31D11BCB} = {80EA239E-CFC7-4470-B0F1-12F024D284B5}
		{3A59BC48-87AD-4894-B3B4-D074F8CBABB9} = {80EA239E-CFC7-4470-B0F1-12F024D284B5}
		{D0CD1AB0-C630-4F4F-A2F5-0E933833383B} = {80EA239E-CFC7-4470-B0F1-12F024D284B5}
		{DCBD29A9-7EFD-4C16-B9EC-0B848F005427} = {80EA239E-CFC7-4470-B0F1-12F024D284B5}
		{2B83E2F1-2374-493A-B4B5-2AB11AD90D36} = {80EA239E-CFC7-4470-B0F1-12F024D284B5}
		{59A2C7B9-115C-462C-B2CD-CEAB25BAA050} = {80EA239E-CFC7-4470-B0F1-12F024D284B5}
		{BADF93FA-E0D6-4AFB-B3E7-C6585E1A4C7D} = {7A4980AE-D9E0-4C45-9BF8-F8BC188B94FB}
		{1B4F1DFF-77E7-4BD8-9CA9-A53D677A563C} = {7A4980AE-D9E0-4C45-9BF8-F8BC188B94FB}
		{6D2F86FF-4793-4A19-8991-8BB63C7707E5} = {7A4980AE-D9E0-4C45-9BF8-F8BC188B94FB}
		{E71E41B6-49DF-45D7-8AAD-3CE647204F8C} = {7A4980AE-D9E0-4C45-9BF8-F8BC188B94FB}
		{5ADB9B32-F7AF-40CF-8E33-0563949FF0FE} = {7A4980AE-D9E0-4C45-9BF8-F8BC188B94FB}
		{E4F3FC20-383B-42A6-B1B9-F3D4E4039426} = {7A4980AE-D9E0-4C45-9BF8-F8BC188B94FB}
		{C3A7F4E3-27BA-491E-AAA1-4019177D000A} = {80EA239E-CFC7-4470-B0F1-12F024D284B5}
		{3379DBA4-9C16-46DE-8B16-DD2D66608386} = {7A4980AE-D9E0-4C45-9BF8-F8BC188B94FB}
	EndGlobalSection
	GlobalSection(ExtensibilityGlobals) = postSolution
		SolutionGuid = {06C6BCBE-BE16-41F7-A401-83A862DA0367}
	EndGlobalSection
EndGlobal
