
Microsoft Visual Studio Solution File, Format Version 12.00
# Visual Studio Version 16
VisualStudioVersion = 16.0.29613.14
MinimumVisualStudioVersion = 10.0.40219.1
Project("{FAE04EC0-301F-11D3-BF4B-00C04F79EFBC}") = "Split View Demo", "Split View\Split View Demo\Split View Demo.csproj", "{6AFD2244-FE0F-485C-9DCB-6E075AF0E935}"
EndProject
Project("{FAE04EC0-301F-11D3-BF4B-00C04F79EFBC}") = "Test Controls", "Solution Controls\Test Controls\Test Controls.csproj", "{688A5E56-0927-4D77-A26A-B3FBDE816CBD}"
EndProject
Project("{FAE04EC0-301F-11D3-BF4B-00C04F79EFBC}") = "Extended TreeView Demo", "Extended TreeView\Extended TreeView Demo\Extended TreeView Demo.csproj", "{105C484C-C2F2-4AA2-BE5B-F06D92406151}"
EndProject
Global
	GlobalSection(SolutionConfigurationPlatforms) = preSolution
		Debug|x64 = Debug|x64
		Release|x64 = Release|x64
	EndGlobalSection
	GlobalSection(ProjectConfigurationPlatforms) = postSolution
		{6AFD2244-FE0F-485C-9DCB-6E075AF0E935}.Debug|x64.ActiveCfg = Debug|x64
		{6AFD2244-FE0F-485C-9DCB-6E075AF0E935}.Debug|x64.Build.0 = Debug|x64
		{6AFD2244-FE0F-485C-9DCB-6E075AF0E935}.Release|x64.ActiveCfg = Release|x64
		{6AFD2244-FE0F-485C-9DCB-6E075AF0E935}.Release|x64.Build.0 = Release|x64
		{688A5E56-0927-4D77-A26A-B3FBDE816CBD}.Debug|x64.ActiveCfg = Debug|x64
		{688A5E56-0927-4D77-A26A-B3FBDE816CBD}.Debug|x64.Build.0 = Debug|x64
		{688A5E56-0927-4D77-A26A-B3FBDE816CBD}.Release|x64.ActiveCfg = Release|x64
		{688A5E56-0927-4D77-A26A-B3FBDE816CBD}.Release|x64.Build.0 = Release|x64
		{105C484C-C2F2-4AA2-BE5B-F06D92406151}.Debug|x64.ActiveCfg = Debug|x64
		{105C484C-C2F2-4AA2-BE5B-F06D92406151}.Debug|x64.Build.0 = Debug|x64
		{105C484C-C2F2-4AA2-BE5B-F06D92406151}.Release|x64.ActiveCfg = Release|x64
		{105C484C-C2F2-4AA2-BE5B-F06D92406151}.Release|x64.Build.0 = Release|x64
	EndGlobalSection
	GlobalSection(SolutionProperties) = preSolution
		HideSolutionNode = FALSE
	EndGlobalSection
	GlobalSection(ExtensibilityGlobals) = postSolution
		SolutionGuid = {8F33E890-87A4-4B1F-9499-1B4401BC04F4}
	EndGlobalSection
EndGlobal
